
Microsoft Visual Studio Solution File, Format Version 12.00
# Visual Studio Version 17
VisualStudioVersion = 17.5.002.0
MinimumVisualStudioVersion = 10.0.40219.1
Project("{9A19103F-16F7-4668-BE54-9A1E7A4F7556}") = "UdpVideoServer", "UdpVideoServer\UdpVideoServer.csproj", "{3CC5D407-1667-4D13-90D2-D879833097BF}"
EndProject
Project("{9A19103F-16F7-4668-BE54-9A1E7A4F7556}") = "UdpVideoClient", "UdpVideoClient\UdpVideoClient.csproj", "{F69F71A4-89D5-4641-84A7-7994ED3B6D38}"
EndProject
Global
	GlobalSection(SolutionConfigurationPlatforms) = preSolution
		Debug|Any CPU = Debug|Any CPU
		Release|Any CPU = Release|Any CPU
	EndGlobalSection
	GlobalSection(ProjectConfigurationPlatforms) = postSolution
		{3CC5D407-1667-4D13-90D2-D879833097BF}.Debug|Any CPU.ActiveCfg = Debug|Any CPU
		{3CC5D407-1667-4D13-90D2-D879833097BF}.Debug|Any CPU.Build.0 = Debug|Any CPU
		{3CC5D407-1667-4D13-90D2-D879833097BF}.Release|Any CPU.ActiveCfg = Release|Any CPU
		{3CC5D407-1667-4D13-90D2-D879833097BF}.Release|Any CPU.Build.0 = Release|Any CPU
		{F69F71A4-89D5-4641-84A7-7994ED3B6D38}.Debug|Any CPU.ActiveCfg = Debug|Any CPU
		{F69F71A4-89D5-4641-84A7-7994ED3B6D38}.Debug|Any CPU.Build.0 = Debug|Any CPU
		{F69F71A4-89D5-4641-84A7-7994ED3B6D38}.Release|Any CPU.ActiveCfg = Release|Any CPU
		{F69F71A4-89D5-4641-84A7-7994ED3B6D38}.Release|Any CPU.Build.0 = Release|Any CPU
	EndGlobalSection
	GlobalSection(SolutionProperties) = preSolution
		HideSolutionNode = FALSE
	EndGlobalSection
	GlobalSection(ExtensibilityGlobals) = postSolution
		SolutionGuid = {3E1FC948-FE0F-455C-AD9C-1B21C78B6E03}
	EndGlobalSection
EndGlobal
